
Microsoft Visual Studio Solution File, Format Version 12.00
# Visual Studio Version 17
VisualStudioVersion = 17.4.33403.182
MinimumVisualStudioVersion = 10.0.40219.1
Project("{FAE04EC0-301F-11D3-BF4B-00C04F79EFBC}") = "ExamWPFTestingHtml", "ExamWPFTestingHtml\ExamWPFTestingHtml.csproj", "{2048001C-E182-4F14-A852-637A2855A865}"
EndProject
Project("{FAE04EC0-301F-11D3-BF4B-00C04F79EFBC}") = "ExamMSUnitTestProject", "ExamMSUnitTestProject\ExamMSUnitTestProject.csproj", "{5DAE8214-01C8-4192-9FCB-5C16203A1465}"
EndProject
Global
	GlobalSection(SolutionConfigurationPlatforms) = preSolution
		Debug|Any CPU = Debug|Any CPU
		Release|Any CPU = Release|Any CPU
	EndGlobalSection
	GlobalSection(ProjectConfigurationPlatforms) = postSolution
		{2048001C-E182-4F14-A852-637A2855A865}.Debug|Any CPU.ActiveCfg = Debug|Any CPU
		{2048001C-E182-4F14-A852-637A2855A865}.Debug|Any CPU.Build.0 = Debug|Any CPU
		{2048001C-E182-4F14-A852-637A2855A865}.Release|Any CPU.ActiveCfg = Release|Any CPU
		{2048001C-E182-4F14-A852-637A2855A865}.Release|Any CPU.Build.0 = Release|Any CPU
		{5DAE8214-01C8-4192-9FCB-5C16203A1465}.Debug|Any CPU.ActiveCfg = Debug|Any CPU
		{5DAE8214-01C8-4192-9FCB-5C16203A1465}.Debug|Any CPU.Build.0 = Debug|Any CPU
		{5DAE8214-01C8-4192-9FCB-5C16203A1465}.Release|Any CPU.ActiveCfg = Release|Any CPU
		{5DAE8214-01C8-4192-9FCB-5C16203A1465}.Release|Any CPU.Build.0 = Release|Any CPU
	EndGlobalSection
	GlobalSection(SolutionProperties) = preSolution
		HideSolutionNode = FALSE
	EndGlobalSection
	GlobalSection(ExtensibilityGlobals) = postSolution
		SolutionGuid = {014816D5-BB2C-4FCF-A0DA-690D09535636}
	EndGlobalSection
EndGlobal
